
Microsoft Visual Studio Solution File, Format Version 12.00
# Visual Studio 14
VisualStudioVersion = 14.0.24720.0
MinimumVisualStudioVersion = 10.0.40219.1
Project("{2150E333-8FDC-42A3-9474-1A3956D46DE8}") = "Source", "Source", "{ED1FDCF8-1ECC-43E0-88C1-4A09BB28EBC8}"
EndProject
Project("{2150E333-8FDC-42A3-9474-1A3956D46DE8}") = "Libs", "Libs", "{C9A126CE-797F-4159-883B-9D536C0874EB}"
EndProject
Project("{2150E333-8FDC-42A3-9474-1A3956D46DE8}") = "Compiler", "Compiler", "{A6B5C9F6-77D5-4616-9ED8-F28591C83BC8}"
EndProject
Project("{2150E333-8FDC-42A3-9474-1A3956D46DE8}") = "Tests", "Tests", "{41F4F5C2-18F1-4690-9B76-4AFB88676B50}"
EndProject
Project("{2150E333-8FDC-42A3-9474-1A3956D46DE8}") = "Solution Items", "Solution Items", "{0A46B1C1-4494-4695-B0A9-FFD5DE7648C5}"
	ProjectSection(SolutionItems) = preProject
		Haskell.NET.vsmdi = Haskell.NET.vsmdi
		Haskell.NET1.vsmdi = Haskell.NET1.vsmdi
		TestRunConfig.testrunconfig = TestRunConfig.testrunconfig
	EndProjectSection
EndProject
Project("{F2A71F9B-5D33-465A-A702-920D77279786}") = "GHC-Prim", "Source\Libs\GHC-Prim\GHC-Prim.fsproj", "{CEBA34F1-9BB0-4516-A912-CEC1134CE474}"
EndProject
Project("{F2A71F9B-5D33-465A-A702-920D77279786}") = "Base", "Source\Libs\Base\Base.fsproj", "{7BD00EB8-BA89-4C29-B546-54526ADD8367}"
EndProject
Project("{F2A71F9B-5D33-465A-A702-920D77279786}") = "Integer-GMP", "Source\Libs\Integer-GMP\Integer-GMP.fsproj", "{1339ED16-BC4B-46E3-9A4E-DDBAE40DDC47}"
EndProject
Project("{FAE04EC0-301F-11D3-BF4B-00C04F79EFBC}") = "Haskell.CoreParser", "Source\Compiler\Haskell.CoreParser\Haskell.CoreParser.csproj", "{084B245C-5372-4631-BE9C-93B919734B30}"
EndProject
Project("{FAE04EC0-301F-11D3-BF4B-00C04F79EFBC}") = "Haskell.CoreToFSharp", "Source\Compiler\Haskell.CoreToFSharp\Haskell.CoreToFSharp.csproj", "{CB43C147-0526-4AA7-BF93-B3D2877FEAD2}"
EndProject
Project("{FAE04EC0-301F-11D3-BF4B-00C04F79EFBC}") = "Haskell.Compiler", "Source\Compiler\Haskell.Compiler\Haskell.Compiler.csproj", "{F30E3151-F1FB-441C-A86E-2A3D55EBB610}"
EndProject
Project("{FAE04EC0-301F-11D3-BF4B-00C04F79EFBC}") = "CoreToFSharpTests", "Source\Tests\CoreToFSharp\CoreToFSharpTests.csproj", "{16778D51-D109-4F62-9A16-21CACB34497F}"
EndProject
Project("{F2A71F9B-5D33-465A-A702-920D77279786}") = "Console", "Source\Tests\ConsoleTest\Console.fsproj", "{06890F36-BAE2-468A-A5F7-29C6379CCEE6}"
EndProject
Project("{F2A71F9B-5D33-465A-A702-920D77279786}") = "DotNetProxy", "Source\Libs\Proxy\DotNetProxy.fsproj", "{C74EEDED-2166-4F1E-8545-28622BB9F59C}"
EndProject
Project("{F2A71F9B-5D33-465A-A702-920D77279786}") = "FormsTest", "Source\Tests\FormsTest\FormsTest.fsproj", "{3DAC4978-C0AE-4B73-8F6E-7EA988063170}"
EndProject
Project("{F2A71F9B-5D33-465A-A702-920D77279786}") = "WpfTest", "Source\Tests\WpfTest\WpfTest.fsproj", "{3DE036D4-DDB0-4B49-B0E7-394543859AD6}"
EndProject
Project("{F2A71F9B-5D33-465A-A702-920D77279786}") = "Primes1", "Source\Tests\Primes1\Primes1.fsproj", "{6F0E88D3-0EE8-4A4A-9BDA-5CCC6323A47D}"
EndProject
Project("{F2A71F9B-5D33-465A-A702-920D77279786}") = "Primes2", "Source\Tests\Primes2\Primes2.fsproj", "{6D86AB69-A82B-4E55-8DC5-1E733533A70B}"
EndProject
Project("{F2A71F9B-5D33-465A-A702-920D77279786}") = "WheelSieve2_2", "Source\Tests\WheelSieve2_2\WheelSieve2_2.fsproj", "{B8F4E380-1495-470A-83C9-AAA7F5CB00BA}"
EndProject
Project("{F2A71F9B-5D33-465A-A702-920D77279786}") = "WheelSieve2_1", "Source\Tests\WheelSieve2_1\WheelSieve2_1.fsproj", "{A125BCF5-D072-4E50-A98C-26227E604EB6}"
EndProject
Project("{F2A71F9B-5D33-465A-A702-920D77279786}") = "WheelSieve1_1", "Source\Tests\WheelSieve1_1\WheelSieve1_1.fsproj", "{0958B2CF-9404-4183-8A1C-F03C3718FDE3}"
EndProject
Project("{F2A71F9B-5D33-465A-A702-920D77279786}") = "Tak1", "Source\Tests\Tak1\Tak1.fsproj", "{170F3760-FE98-4D3C-96C4-6E3E9907FDEE}"
EndProject
Project("{F2A71F9B-5D33-465A-A702-920D77279786}") = "Queens1", "Source\Tests\Queens1\Queens1.fsproj", "{DD52706A-4EE6-4B04-BCE3-FEEB436E3E47}"
EndProject
Project("{F2A71F9B-5D33-465A-A702-920D77279786}") = "Exp3_81", "Source\Tests\Exp3_81\Exp3_81.fsproj", "{DA637838-3774-4312-9D6D-D3313073E098}"
EndProject
Project("{F2A71F9B-5D33-465A-A702-920D77279786}") = "RFib1", "Source\Tests\RFib1\RFib1.fsproj", "{A206AB0E-7858-4F1B-A029-778132E644F7}"
EndProject
Project("{F2A71F9B-5D33-465A-A702-920D77279786}") = "WheelSieve1_2", "Source\Tests\WheelSieve1_2\WheelSieve1_2.fsproj", "{AC846002-2C52-48C1-803A-5A0FC69F61AE}"
EndProject
Global
	GlobalSection(SolutionConfigurationPlatforms) = preSolution
		Debug|Any CPU = Debug|Any CPU
		Debug|x86 = Debug|x86
		Release|Any CPU = Release|Any CPU
		Release|x86 = Release|x86
	EndGlobalSection
	GlobalSection(ProjectConfigurationPlatforms) = postSolution
		{CEBA34F1-9BB0-4516-A912-CEC1134CE474}.Debug|Any CPU.ActiveCfg = Debug|Any CPU
		{CEBA34F1-9BB0-4516-A912-CEC1134CE474}.Debug|Any CPU.Build.0 = Debug|Any CPU
		{CEBA34F1-9BB0-4516-A912-CEC1134CE474}.Debug|x86.ActiveCfg = Debug|Any CPU
		{CEBA34F1-9BB0-4516-A912-CEC1134CE474}.Release|Any CPU.ActiveCfg = Release|Any CPU
		{CEBA34F1-9BB0-4516-A912-CEC1134CE474}.Release|Any CPU.Build.0 = Release|Any CPU
		{CEBA34F1-9BB0-4516-A912-CEC1134CE474}.Release|x86.ActiveCfg = Release|Any CPU
		{7BD00EB8-BA89-4C29-B546-54526ADD8367}.Debug|Any CPU.ActiveCfg = Debug|Any CPU
		{7BD00EB8-BA89-4C29-B546-54526ADD8367}.Debug|Any CPU.Build.0 = Debug|Any CPU
		{7BD00EB8-BA89-4C29-B546-54526ADD8367}.Debug|x86.ActiveCfg = Debug|Any CPU
		{7BD00EB8-BA89-4C29-B546-54526ADD8367}.Release|Any CPU.ActiveCfg = Release|Any CPU
		{7BD00EB8-BA89-4C29-B546-54526ADD8367}.Release|Any CPU.Build.0 = Release|Any CPU
		{7BD00EB8-BA89-4C29-B546-54526ADD8367}.Release|x86.ActiveCfg = Release|Any CPU
		{1339ED16-BC4B-46E3-9A4E-DDBAE40DDC47}.Debug|Any CPU.ActiveCfg = Debug|Any CPU
		{1339ED16-BC4B-46E3-9A4E-DDBAE40DDC47}.Debug|Any CPU.Build.0 = Debug|Any CPU
		{1339ED16-BC4B-46E3-9A4E-DDBAE40DDC47}.Debug|x86.ActiveCfg = Debug|Any CPU
		{1339ED16-BC4B-46E3-9A4E-DDBAE40DDC47}.Release|Any CPU.ActiveCfg = Release|Any CPU
		{1339ED16-BC4B-46E3-9A4E-DDBAE40DDC47}.Release|Any CPU.Build.0 = Release|Any CPU
		{1339ED16-BC4B-46E3-9A4E-DDBAE40DDC47}.Release|x86.ActiveCfg = Release|Any CPU
		{084B245C-5372-4631-BE9C-93B919734B30}.Debug|Any CPU.ActiveCfg = Debug|Any CPU
		{084B245C-5372-4631-BE9C-93B919734B30}.Debug|Any CPU.Build.0 = Debug|Any CPU
		{084B245C-5372-4631-BE9C-93B919734B30}.Debug|x86.ActiveCfg = Debug|x86
		{084B245C-5372-4631-BE9C-93B919734B30}.Debug|x86.Build.0 = Debug|x86
		{084B245C-5372-4631-BE9C-93B919734B30}.Release|Any CPU.ActiveCfg = Release|Any CPU
		{084B245C-5372-4631-BE9C-93B919734B30}.Release|Any CPU.Build.0 = Release|Any CPU
		{084B245C-5372-4631-BE9C-93B919734B30}.Release|x86.ActiveCfg = Release|x86
		{084B245C-5372-4631-BE9C-93B919734B30}.Release|x86.Build.0 = Release|x86
		{CB43C147-0526-4AA7-BF93-B3D2877FEAD2}.Debug|Any CPU.ActiveCfg = Debug|Any CPU
		{CB43C147-0526-4AA7-BF93-B3D2877FEAD2}.Debug|Any CPU.Build.0 = Debug|Any CPU
		{CB43C147-0526-4AA7-BF93-B3D2877FEAD2}.Debug|x86.ActiveCfg = Debug|Any CPU
		{CB43C147-0526-4AA7-BF93-B3D2877FEAD2}.Release|Any CPU.ActiveCfg = Release|Any CPU
		{CB43C147-0526-4AA7-BF93-B3D2877FEAD2}.Release|Any CPU.Build.0 = Release|Any CPU
		{CB43C147-0526-4AA7-BF93-B3D2877FEAD2}.Release|x86.ActiveCfg = Release|Any CPU
		{F30E3151-F1FB-441C-A86E-2A3D55EBB610}.Debug|Any CPU.ActiveCfg = Debug|Any CPU
		{F30E3151-F1FB-441C-A86E-2A3D55EBB610}.Debug|Any CPU.Build.0 = Debug|Any CPU
		{F30E3151-F1FB-441C-A86E-2A3D55EBB610}.Debug|x86.ActiveCfg = Debug|Any CPU
		{F30E3151-F1FB-441C-A86E-2A3D55EBB610}.Release|Any CPU.ActiveCfg = Release|Any CPU
		{F30E3151-F1FB-441C-A86E-2A3D55EBB610}.Release|Any CPU.Build.0 = Release|Any CPU
		{F30E3151-F1FB-441C-A86E-2A3D55EBB610}.Release|x86.ActiveCfg = Release|Any CPU
		{16778D51-D109-4F62-9A16-21CACB34497F}.Debug|Any CPU.ActiveCfg = Debug|Any CPU
		{16778D51-D109-4F62-9A16-21CACB34497F}.Debug|Any CPU.Build.0 = Debug|Any CPU
		{16778D51-D109-4F62-9A16-21CACB34497F}.Debug|x86.ActiveCfg = Debug|Any CPU
		{16778D51-D109-4F62-9A16-21CACB34497F}.Release|Any CPU.ActiveCfg = Release|Any CPU
		{16778D51-D109-4F62-9A16-21CACB34497F}.Release|Any CPU.Build.0 = Release|Any CPU
		{16778D51-D109-4F62-9A16-21CACB34497F}.Release|x86.ActiveCfg = Release|Any CPU
		{06890F36-BAE2-468A-A5F7-29C6379CCEE6}.Debug|Any CPU.ActiveCfg = Debug|Any CPU
		{06890F36-BAE2-468A-A5F7-29C6379CCEE6}.Debug|Any CPU.Build.0 = Debug|Any CPU
		{06890F36-BAE2-468A-A5F7-29C6379CCEE6}.Debug|x86.ActiveCfg = Debug|Any CPU
		{06890F36-BAE2-468A-A5F7-29C6379CCEE6}.Release|Any CPU.ActiveCfg = Release|Any CPU
		{06890F36-BAE2-468A-A5F7-29C6379CCEE6}.Release|Any CPU.Build.0 = Release|Any CPU
		{06890F36-BAE2-468A-A5F7-29C6379CCEE6}.Release|x86.ActiveCfg = Release|Any CPU
		{C74EEDED-2166-4F1E-8545-28622BB9F59C}.Debug|Any CPU.ActiveCfg = Debug|Any CPU
		{C74EEDED-2166-4F1E-8545-28622BB9F59C}.Debug|Any CPU.Build.0 = Debug|Any CPU
		{C74EEDED-2166-4F1E-8545-28622BB9F59C}.Debug|x86.ActiveCfg = Debug|Any CPU
		{C74EEDED-2166-4F1E-8545-28622BB9F59C}.Release|Any CPU.ActiveCfg = Release|Any CPU
		{C74EEDED-2166-4F1E-8545-28622BB9F59C}.Release|Any CPU.Build.0 = Release|Any CPU
		{C74EEDED-2166-4F1E-8545-28622BB9F59C}.Release|x86.ActiveCfg = Release|Any CPU
		{3DAC4978-C0AE-4B73-8F6E-7EA988063170}.Debug|Any CPU.ActiveCfg = Debug|Any CPU
		{3DAC4978-C0AE-4B73-8F6E-7EA988063170}.Debug|Any CPU.Build.0 = Debug|Any CPU
		{3DAC4978-C0AE-4B73-8F6E-7EA988063170}.Debug|x86.ActiveCfg = Debug|Any CPU
		{3DAC4978-C0AE-4B73-8F6E-7EA988063170}.Release|Any CPU.ActiveCfg = Release|Any CPU
		{3DAC4978-C0AE-4B73-8F6E-7EA988063170}.Release|Any CPU.Build.0 = Release|Any CPU
		{3DAC4978-C0AE-4B73-8F6E-7EA988063170}.Release|x86.ActiveCfg = Release|Any CPU
		{3DE036D4-DDB0-4B49-B0E7-394543859AD6}.Debug|Any CPU.ActiveCfg = Debug|Any CPU
		{3DE036D4-DDB0-4B49-B0E7-394543859AD6}.Debug|Any CPU.Build.0 = Debug|Any CPU
		{3DE036D4-DDB0-4B49-B0E7-394543859AD6}.Debug|x86.ActiveCfg = Debug|Any CPU
		{3DE036D4-DDB0-4B49-B0E7-394543859AD6}.Release|Any CPU.ActiveCfg = Release|Any CPU
		{3DE036D4-DDB0-4B49-B0E7-394543859AD6}.Release|Any CPU.Build.0 = Release|Any CPU
		{3DE036D4-DDB0-4B49-B0E7-394543859AD6}.Release|x86.ActiveCfg = Release|Any CPU
		{6F0E88D3-0EE8-4A4A-9BDA-5CCC6323A47D}.Debug|Any CPU.ActiveCfg = Debug|Any CPU
		{6F0E88D3-0EE8-4A4A-9BDA-5CCC6323A47D}.Debug|Any CPU.Build.0 = Debug|Any CPU
		{6F0E88D3-0EE8-4A4A-9BDA-5CCC6323A47D}.Debug|x86.ActiveCfg = Debug|Any CPU
		{6F0E88D3-0EE8-4A4A-9BDA-5CCC6323A47D}.Release|Any CPU.ActiveCfg = Release|Any CPU
		{6F0E88D3-0EE8-4A4A-9BDA-5CCC6323A47D}.Release|Any CPU.Build.0 = Release|Any CPU
		{6F0E88D3-0EE8-4A4A-9BDA-5CCC6323A47D}.Release|x86.ActiveCfg = Release|Any CPU
		{6D86AB69-A82B-4E55-8DC5-1E733533A70B}.Debug|Any CPU.ActiveCfg = Debug|Any CPU
		{6D86AB69-A82B-4E55-8DC5-1E733533A70B}.Debug|Any CPU.Build.0 = Debug|Any CPU
		{6D86AB69-A82B-4E55-8DC5-1E733533A70B}.Debug|x86.ActiveCfg = Debug|Any CPU
		{6D86AB69-A82B-4E55-8DC5-1E733533A70B}.Release|Any CPU.ActiveCfg = Release|Any CPU
		{6D86AB69-A82B-4E55-8DC5-1E733533A70B}.Release|Any CPU.Build.0 = Release|Any CPU
		{6D86AB69-A82B-4E55-8DC5-1E733533A70B}.Release|x86.ActiveCfg = Release|Any CPU
		{B8F4E380-1495-470A-83C9-AAA7F5CB00BA}.Debug|Any CPU.ActiveCfg = Debug|Any CPU
		{B8F4E380-1495-470A-83C9-AAA7F5CB00BA}.Debug|Any CPU.Build.0 = Debug|Any CPU
		{B8F4E380-1495-470A-83C9-AAA7F5CB00BA}.Debug|x86.ActiveCfg = Debug|Any CPU
		{B8F4E380-1495-470A-83C9-AAA7F5CB00BA}.Release|Any CPU.ActiveCfg = Release|Any CPU
		{B8F4E380-1495-470A-83C9-AAA7F5CB00BA}.Release|Any CPU.Build.0 = Release|Any CPU
		{B8F4E380-1495-470A-83C9-AAA7F5CB00BA}.Release|x86.ActiveCfg = Release|Any CPU
		{A125BCF5-D072-4E50-A98C-26227E604EB6}.Debug|Any CPU.ActiveCfg = Debug|Any CPU
		{A125BCF5-D072-4E50-A98C-26227E604EB6}.Debug|Any CPU.Build.0 = Debug|Any CPU
		{A125BCF5-D072-4E50-A98C-26227E604EB6}.Debug|x86.ActiveCfg = Debug|Any CPU
		{A125BCF5-D072-4E50-A98C-26227E604EB6}.Release|Any CPU.ActiveCfg = Release|Any CPU
		{A125BCF5-D072-4E50-A98C-26227E604EB6}.Release|Any CPU.Build.0 = Release|Any CPU
		{A125BCF5-D072-4E50-A98C-26227E604EB6}.Release|x86.ActiveCfg = Release|Any CPU
		{0958B2CF-9404-4183-8A1C-F03C3718FDE3}.Debug|Any CPU.ActiveCfg = Debug|Any CPU
		{0958B2CF-9404-4183-8A1C-F03C3718FDE3}.Debug|Any CPU.Build.0 = Debug|Any CPU
		{0958B2CF-9404-4183-8A1C-F03C3718FDE3}.Debug|x86.ActiveCfg = Debug|Any CPU
		{0958B2CF-9404-4183-8A1C-F03C3718FDE3}.Release|Any CPU.ActiveCfg = Release|Any CPU
		{0958B2CF-9404-4183-8A1C-F03C3718FDE3}.Release|Any CPU.Build.0 = Release|Any CPU
		{0958B2CF-9404-4183-8A1C-F03C3718FDE3}.Release|x86.ActiveCfg = Release|Any CPU
		{170F3760-FE98-4D3C-96C4-6E3E9907FDEE}.Debug|Any CPU.ActiveCfg = Debug|Any CPU
		{170F3760-FE98-4D3C-96C4-6E3E9907FDEE}.Debug|Any CPU.Build.0 = Debug|Any CPU
		{170F3760-FE98-4D3C-96C4-6E3E9907FDEE}.Debug|x86.ActiveCfg = Debug|Any CPU
		{170F3760-FE98-4D3C-96C4-6E3E9907FDEE}.Release|Any CPU.ActiveCfg = Release|Any CPU
		{170F3760-FE98-4D3C-96C4-6E3E9907FDEE}.Release|Any CPU.Build.0 = Release|Any CPU
		{170F3760-FE98-4D3C-96C4-6E3E9907FDEE}.Release|x86.ActiveCfg = Release|Any CPU
		{DD52706A-4EE6-4B04-BCE3-FEEB436E3E47}.Debug|Any CPU.ActiveCfg = Debug|Any CPU
		{DD52706A-4EE6-4B04-BCE3-FEEB436E3E47}.Debug|Any CPU.Build.0 = Debug|Any CPU
		{DD52706A-4EE6-4B04-BCE3-FEEB436E3E47}.Debug|x86.ActiveCfg = Debug|Any CPU
		{DD52706A-4EE6-4B04-BCE3-FEEB436E3E47}.Release|Any CPU.ActiveCfg = Release|Any CPU
		{DD52706A-4EE6-4B04-BCE3-FEEB436E3E47}.Release|Any CPU.Build.0 = Release|Any CPU
		{DD52706A-4EE6-4B04-BCE3-FEEB436E3E47}.Release|x86.ActiveCfg = Release|Any CPU
		{DA637838-3774-4312-9D6D-D3313073E098}.Debug|Any CPU.ActiveCfg = Debug|Any CPU
		{DA637838-3774-4312-9D6D-D3313073E098}.Debug|Any CPU.Build.0 = Debug|Any CPU
		{DA637838-3774-4312-9D6D-D3313073E098}.Debug|x86.ActiveCfg = Debug|Any CPU
		{DA637838-3774-4312-9D6D-D3313073E098}.Release|Any CPU.ActiveCfg = Release|Any CPU
		{DA637838-3774-4312-9D6D-D3313073E098}.Release|Any CPU.Build.0 = Release|Any CPU
		{DA637838-3774-4312-9D6D-D3313073E098}.Release|x86.ActiveCfg = Release|Any CPU
		{A206AB0E-7858-4F1B-A029-778132E644F7}.Debug|Any CPU.ActiveCfg = Debug|Any CPU
		{A206AB0E-7858-4F1B-A029-778132E644F7}.Debug|Any CPU.Build.0 = Debug|Any CPU
		{A206AB0E-7858-4F1B-A029-778132E644F7}.Debug|x86.ActiveCfg = Debug|Any CPU
		{A206AB0E-7858-4F1B-A029-778132E644F7}.Release|Any CPU.ActiveCfg = Release|Any CPU
		{A206AB0E-7858-4F1B-A029-778132E644F7}.Release|Any CPU.Build.0 = Release|Any CPU
		{A206AB0E-7858-4F1B-A029-778132E644F7}.Release|x86.ActiveCfg = Release|Any CPU
		{AC846002-2C52-48C1-803A-5A0FC69F61AE}.Debug|Any CPU.ActiveCfg = Debug|Any CPU
		{AC846002-2C52-48C1-803A-5A0FC69F61AE}.Debug|Any CPU.Build.0 = Debug|Any CPU
		{AC846002-2C52-48C1-803A-5A0FC69F61AE}.Debug|x86.ActiveCfg = Debug|Any CPU
		{AC846002-2C52-48C1-803A-5A0FC69F61AE}.Release|Any CPU.ActiveCfg = Release|Any CPU
		{AC846002-2C52-48C1-803A-5A0FC69F61AE}.Release|Any CPU.Build.0 = Release|Any CPU
		{AC846002-2C52-48C1-803A-5A0FC69F61AE}.Release|x86.ActiveCfg = Release|Any CPU
	EndGlobalSection
	GlobalSection(SolutionProperties) = preSolution
		HideSolutionNode = FALSE
	EndGlobalSection
	GlobalSection(NestedProjects) = preSolution
		{C9A126CE-797F-4159-883B-9D536C0874EB} = {ED1FDCF8-1ECC-43E0-88C1-4A09BB28EBC8}
		{A6B5C9F6-77D5-4616-9ED8-F28591C83BC8} = {ED1FDCF8-1ECC-43E0-88C1-4A09BB28EBC8}
		{41F4F5C2-18F1-4690-9B76-4AFB88676B50} = {ED1FDCF8-1ECC-43E0-88C1-4A09BB28EBC8}
		{CEBA34F1-9BB0-4516-A912-CEC1134CE474} = {C9A126CE-797F-4159-883B-9D536C0874EB}
		{7BD00EB8-BA89-4C29-B546-54526ADD8367} = {C9A126CE-797F-4159-883B-9D536C0874EB}
		{1339ED16-BC4B-46E3-9A4E-DDBAE40DDC47} = {C9A126CE-797F-4159-883B-9D536C0874EB}
		{084B245C-5372-4631-BE9C-93B919734B30} = {A6B5C9F6-77D5-4616-9ED8-F28591C83BC8}
		{CB43C147-0526-4AA7-BF93-B3D2877FEAD2} = {A6B5C9F6-77D5-4616-9ED8-F28591C83BC8}
		{F30E3151-F1FB-441C-A86E-2A3D55EBB610} = {A6B5C9F6-77D5-4616-9ED8-F28591C83BC8}
		{16778D51-D109-4F62-9A16-21CACB34497F} = {41F4F5C2-18F1-4690-9B76-4AFB88676B50}
		{06890F36-BAE2-468A-A5F7-29C6379CCEE6} = {41F4F5C2-18F1-4690-9B76-4AFB88676B50}
		{C74EEDED-2166-4F1E-8545-28622BB9F59C} = {C9A126CE-797F-4159-883B-9D536C0874EB}
		{3DAC4978-C0AE-4B73-8F6E-7EA988063170} = {41F4F5C2-18F1-4690-9B76-4AFB88676B50}
		{3DE036D4-DDB0-4B49-B0E7-394543859AD6} = {41F4F5C2-18F1-4690-9B76-4AFB88676B50}
		{6F0E88D3-0EE8-4A4A-9BDA-5CCC6323A47D} = {41F4F5C2-18F1-4690-9B76-4AFB88676B50}
		{6D86AB69-A82B-4E55-8DC5-1E733533A70B} = {41F4F5C2-18F1-4690-9B76-4AFB88676B50}
		{B8F4E380-1495-470A-83C9-AAA7F5CB00BA} = {41F4F5C2-18F1-4690-9B76-4AFB88676B50}
		{A125BCF5-D072-4E50-A98C-26227E604EB6} = {41F4F5C2-18F1-4690-9B76-4AFB88676B50}
		{0958B2CF-9404-4183-8A1C-F03C3718FDE3} = {41F4F5C2-18F1-4690-9B76-4AFB88676B50}
		{170F3760-FE98-4D3C-96C4-6E3E9907FDEE} = {41F4F5C2-18F1-4690-9B76-4AFB88676B50}
		{DD52706A-4EE6-4B04-BCE3-FEEB436E3E47} = {41F4F5C2-18F1-4690-9B76-4AFB88676B50}
		{DA637838-3774-4312-9D6D-D3313073E098} = {41F4F5C2-18F1-4690-9B76-4AFB88676B50}
		{A206AB0E-7858-4F1B-A029-778132E644F7} = {41F4F5C2-18F1-4690-9B76-4AFB88676B50}
		{AC846002-2C52-48C1-803A-5A0FC69F61AE} = {41F4F5C2-18F1-4690-9B76-4AFB88676B50}
	EndGlobalSection
	GlobalSection(TestCaseManagementSettings) = postSolution
		CategoryFile = Haskell.NET1.vsmdi
	EndGlobalSection
	GlobalSection(SubversionScc) = preSolution
		Svn-Managed = True
		Manager = AnkhSVN - Subversion Support for Visual Studio
	EndGlobalSection
EndGlobal
